// !$*UTF8*$!
{
	archiveVersion = 1;
	classes = {
	};
	objectVersion = 56;
	objects = {

/* Begin PBXBuildFile section */
		8401E76829C8617300A7C95D /* MatchViewController.swift in Sources */ = {isa = PBXBuildFile; fileRef = 8401E76729C8617300A7C95D /* MatchViewController.swift */; };
		8401E76A29C861A900A7C95D /* MatchCoordinator.swift in Sources */ = {isa = PBXBuildFile; fileRef = 8401E76929C861A900A7C95D /* MatchCoordinator.swift */; };
		8403008E299CE470005342AC /* ProfileViewModel.swift in Sources */ = {isa = PBXBuildFile; fileRef = 8403008D299CE470005342AC /* ProfileViewModel.swift */; };
		840C603C298EDC1400932714 /* Assets.xcassets in Resources */ = {isa = PBXBuildFile; fileRef = 840C603B298EDC1400932714 /* Assets.xcassets */; };
		8414E76129CB9FD6004FF5A4 /* GameViewController.swift in Sources */ = {isa = PBXBuildFile; fileRef = 8414E76029CB9FD4004FF5A4 /* GameViewController.swift */; };
		8414E76329CBA115004FF5A4 /* GameCoordinator.swift in Sources */ = {isa = PBXBuildFile; fileRef = 8414E76229CBA114004FF5A4 /* GameCoordinator.swift */; };
		842FB86C29C313320075F633 /* CommentsSheetViewController.swift in Sources */ = {isa = PBXBuildFile; fileRef = 842FB86B29C313320075F633 /* CommentsSheetViewController.swift */; };
		8479F68029B89E1000933375 /* HomeEmptyStateView.swift in Sources */ = {isa = PBXBuildFile; fileRef = 8479F67F29B89E0F00933375 /* HomeEmptyStateView.swift */; };
		8479F68429B9A21600933375 /* ContactsMessageViewController.swift in Sources */ = {isa = PBXBuildFile; fileRef = 8479F68329B9A21600933375 /* ContactsMessageViewController.swift */; };
		8479F68729B9A87200933375 /* AllChatsTableViewCell.swift in Sources */ = {isa = PBXBuildFile; fileRef = 8479F68629B9A87200933375 /* AllChatsTableViewCell.swift */; };
		8479F68929B9A9A600933375 /* ChatViewController.swift in Sources */ = {isa = PBXBuildFile; fileRef = 8479F68829B9A9A600933375 /* ChatViewController.swift */; };
		8479F68B29B9A9D000933375 /* LocalChatTableViewCell.swift in Sources */ = {isa = PBXBuildFile; fileRef = 8479F68A29B9A9D000933375 /* LocalChatTableViewCell.swift */; };
		8479F68D29BC2B2B00933375 /* LocalChatWithUserTableViewCell.swift in Sources */ = {isa = PBXBuildFile; fileRef = 8479F68C29BC2B2A00933375 /* LocalChatWithUserTableViewCell.swift */; };
		8479F69529BC87C800933375 /* StorysTableViewCell.swift in Sources */ = {isa = PBXBuildFile; fileRef = 8479F69429BC87C800933375 /* StorysTableViewCell.swift */; };
		8479F69729BC8B2200933375 /* CustomCollectionViewCell.swift in Sources */ = {isa = PBXBuildFile; fileRef = 8479F69629BC8B2200933375 /* CustomCollectionViewCell.swift */; };
		8479F69929BD930B00933375 /* Const.swift in Sources */ = {isa = PBXBuildFile; fileRef = 8479F69829BD930B00933375 /* Const.swift */; };
		8482EC0F2972680B00058A7D /* Post.swift in Sources */ = {isa = PBXBuildFile; fileRef = 8482EC0E2972680A00058A7D /* Post.swift */; };
		8482EC112972685000058A7D /* AppDelegate.swift in Sources */ = {isa = PBXBuildFile; fileRef = 8482EC102972685000058A7D /* AppDelegate.swift */; };
		848881AF2964C97D006BE6A1 /* SceneDelegate.swift in Sources */ = {isa = PBXBuildFile; fileRef = 848881AE2964C97D006BE6A1 /* SceneDelegate.swift */; };
		848881B92964C983006BE6A1 /* LaunchScreen.storyboard in Resources */ = {isa = PBXBuildFile; fileRef = 848881B72964C983006BE6A1 /* LaunchScreen.storyboard */; };
		848881C12964C9F2006BE6A1 /* GoogleService-Info.plist in Resources */ = {isa = PBXBuildFile; fileRef = 848881C02964C9F1006BE6A1 /* GoogleService-Info.plist */; };
		848881CC2964CC4B006BE6A1 /* ViewControllerFactory.swift in Sources */ = {isa = PBXBuildFile; fileRef = 848881CB2964CC4B006BE6A1 /* ViewControllerFactory.swift */; };
		848881D82964CE8C006BE6A1 /* PhotosCollectionViewCell.swift in Sources */ = {isa = PBXBuildFile; fileRef = 848881D72964CE8C006BE6A1 /* PhotosCollectionViewCell.swift */; };
		848881EA2964D06C006BE6A1 /* Coordinator.swift in Sources */ = {isa = PBXBuildFile; fileRef = 848881E92964D06C006BE6A1 /* Coordinator.swift */; };
		848881EC2964D0B3006BE6A1 /* AppCoordinator.swift in Sources */ = {isa = PBXBuildFile; fileRef = 848881EB2964D0B3006BE6A1 /* AppCoordinator.swift */; };
		848881F22964D105006BE6A1 /* NewsCoordinator.swift in Sources */ = {isa = PBXBuildFile; fileRef = 848881F12964D105006BE6A1 /* NewsCoordinator.swift */; };
		848881F42964D11A006BE6A1 /* LoginCoordinator.swift in Sources */ = {isa = PBXBuildFile; fileRef = 848881F32964D11A006BE6A1 /* LoginCoordinator.swift */; };
		848881F82964D16D006BE6A1 /* ProfileCoordinator.swift in Sources */ = {isa = PBXBuildFile; fileRef = 848881F72964D16D006BE6A1 /* ProfileCoordinator.swift */; };
		848881FF2964D2AB006BE6A1 /* CustomTextfield.swift in Sources */ = {isa = PBXBuildFile; fileRef = 848881FE2964D2AB006BE6A1 /* CustomTextfield.swift */; };
		848882012964D374006BE6A1 /* CustomButton.swift in Sources */ = {isa = PBXBuildFile; fileRef = 848882002964D373006BE6A1 /* CustomButton.swift */; };
		848882082964D3E2006BE6A1 /* WebViewController.swift in Sources */ = {isa = PBXBuildFile; fileRef = 848882072964D3E2006BE6A1 /* WebViewController.swift */; };
		8488820A2964D3F9006BE6A1 /* LikeView.swift in Sources */ = {isa = PBXBuildFile; fileRef = 848882092964D3F9006BE6A1 /* LikeView.swift */; };
		848882142964D48B006BE6A1 /* MainTabBarController.swift in Sources */ = {isa = PBXBuildFile; fileRef = 848882132964D48B006BE6A1 /* MainTabBarController.swift */; };
		848882182964D4BE006BE6A1 /* String+Extension.swift in Sources */ = {isa = PBXBuildFile; fileRef = 848882172964D4BE006BE6A1 /* String+Extension.swift */; };
		8488821A2964D4D5006BE6A1 /* ColorMode.swift in Sources */ = {isa = PBXBuildFile; fileRef = 848882192964D4D5006BE6A1 /* ColorMode.swift */; };
		8488821E2964D514006BE6A1 /* CommonAlert.swift in Sources */ = {isa = PBXBuildFile; fileRef = 8488821D2964D514006BE6A1 /* CommonAlert.swift */; };
		848882282964D59A006BE6A1 /* LocalNotificationService.swift in Sources */ = {isa = PBXBuildFile; fileRef = 848882272964D59A006BE6A1 /* LocalNotificationService.swift */; };
		848882322964D67A006BE6A1 /* LoginViewController.swift in Sources */ = {isa = PBXBuildFile; fileRef = 848882312964D67A006BE6A1 /* LoginViewController.swift */; };
		848882342964D693006BE6A1 /* LoginView.swift in Sources */ = {isa = PBXBuildFile; fileRef = 848882332964D693006BE6A1 /* LoginView.swift */; };
		848882362964D6AD006BE6A1 /* LoginViewModel.swift in Sources */ = {isa = PBXBuildFile; fileRef = 848882352964D6AD006BE6A1 /* LoginViewModel.swift */; };
		848882402964D798006BE6A1 /* DownloadManager.swift in Sources */ = {isa = PBXBuildFile; fileRef = 8488823F2964D798006BE6A1 /* DownloadManager.swift */; };
		848882422964D7B6006BE6A1 /* ArticleTableViewCell.swift in Sources */ = {isa = PBXBuildFile; fileRef = 848882412964D7B6006BE6A1 /* ArticleTableViewCell.swift */; };
		848882442964D7D3006BE6A1 /* ArticleViewController.swift in Sources */ = {isa = PBXBuildFile; fileRef = 848882432964D7D3006BE6A1 /* ArticleViewController.swift */; };
		848882462964D7EB006BE6A1 /* NewsTableViewCell.swift in Sources */ = {isa = PBXBuildFile; fileRef = 848882452964D7EB006BE6A1 /* NewsTableViewCell.swift */; };
		848882482964D806006BE6A1 /* NewsListController.swift in Sources */ = {isa = PBXBuildFile; fileRef = 848882472964D806006BE6A1 /* NewsListController.swift */; };
		8488824D2964D84E006BE6A1 /* ProfileViewController.swift in Sources */ = {isa = PBXBuildFile; fileRef = 8488824C2964D84E006BE6A1 /* ProfileViewController.swift */; };
		848882772966555E006BE6A1 /* User.swift in Sources */ = {isa = PBXBuildFile; fileRef = 848882762966555D006BE6A1 /* User.swift */; };
		84888279296680DD006BE6A1 /* InfoView.swift in Sources */ = {isa = PBXBuildFile; fileRef = 84888278296680DD006BE6A1 /* InfoView.swift */; };
		8488827B29678494006BE6A1 /* SearchController.swift in Sources */ = {isa = PBXBuildFile; fileRef = 8488827A29678494006BE6A1 /* SearchController.swift */; };
		8488827D296784E4006BE6A1 /* SearchCoordinator.swift in Sources */ = {isa = PBXBuildFile; fileRef = 8488827C296784E3006BE6A1 /* SearchCoordinator.swift */; };
		8488827F29678F5F006BE6A1 /* CellIdTableViewCell.swift in Sources */ = {isa = PBXBuildFile; fileRef = 8488827E29678F5F006BE6A1 /* CellIdTableViewCell.swift */; };
		848882812967A335006BE6A1 /* CustomImageView.swift in Sources */ = {isa = PBXBuildFile; fileRef = 848882802967A335006BE6A1 /* CustomImageView.swift */; };
		848882832967DB2B006BE6A1 /* Firebase+Extension.swift in Sources */ = {isa = PBXBuildFile; fileRef = 848882822967DB2B006BE6A1 /* Firebase+Extension.swift */; };
		8488828C2968BC4B006BE6A1 /* HomeViewController.swift in Sources */ = {isa = PBXBuildFile; fileRef = 8488828B2968BC4B006BE6A1 /* HomeViewController.swift */; };
		8488828E2968BCF5006BE6A1 /* HomeCoordinator.swift in Sources */ = {isa = PBXBuildFile; fileRef = 8488828D2968BCF5006BE6A1 /* HomeCoordinator.swift */; };
		848882942969F78F006BE6A1 /* SaveView.swift in Sources */ = {isa = PBXBuildFile; fileRef = 848882932969F78F006BE6A1 /* SaveView.swift */; };
		849ABB4229700EAC000ABEA2 /* HomeTableViewCell.swift in Sources */ = {isa = PBXBuildFile; fileRef = 849ABB4129700EAC000ABEA2 /* HomeTableViewCell.swift */; };
		849ABB44297047F7000ABEA2 /* JulsView.swift in Sources */ = {isa = PBXBuildFile; fileRef = 849ABB43297047F7000ABEA2 /* JulsView.swift */; };
		84A42BFA29786439001FD432 /* MessagePostViewController.swift in Sources */ = {isa = PBXBuildFile; fileRef = 84A42BF929786439001FD432 /* MessagePostViewController.swift */; };
		84A7309129A8785900FF3888 /* MessagesViewController.swift in Sources */ = {isa = PBXBuildFile; fileRef = 84A7309029A8785800FF3888 /* MessagesViewController.swift */; };
		84A7309329A8795600FF3888 /* MessagesTableViewCell.swift in Sources */ = {isa = PBXBuildFile; fileRef = 84A7309229A8795600FF3888 /* MessagesTableViewCell.swift */; };
		84A7309629A8EF5E00FF3888 /* Message.swift in Sources */ = {isa = PBXBuildFile; fileRef = 84A7309529A8EF5E00FF3888 /* Message.swift */; };
		84B3C16B2981F5AE0044EE9C /* PostViewController.swift in Sources */ = {isa = PBXBuildFile; fileRef = 84B3C16A2981F5AE0044EE9C /* PostViewController.swift */; };
		84B3C16D298383DA0044EE9C /* StretchyCollectionHeaderView.swift in Sources */ = {isa = PBXBuildFile; fileRef = 84B3C16C298383DA0044EE9C /* StretchyCollectionHeaderView.swift */; };
		84B3C16F2983850F0044EE9C /* CollectionViewFlowLayout.swift in Sources */ = {isa = PBXBuildFile; fileRef = 84B3C16E2983850F0044EE9C /* CollectionViewFlowLayout.swift */; };
		84B3C1712984524D0044EE9C /* MainCollectionViewCell.swift in Sources */ = {isa = PBXBuildFile; fileRef = 84B3C1702984524D0044EE9C /* MainCollectionViewCell.swift */; };
		84B3C1792984CF750044EE9C /* PostTableViewCell.swift in Sources */ = {isa = PBXBuildFile; fileRef = 84B3C1782984CF750044EE9C /* PostTableViewCell.swift */; };
		84B3C17B298635DB0044EE9C /* ExtensionDate.swift in Sources */ = {isa = PBXBuildFile; fileRef = 84B3C17A298635DB0044EE9C /* ExtensionDate.swift */; };
		84BB3CED298784D1003795C3 /* MyFollowersUserViewController.swift in Sources */ = {isa = PBXBuildFile; fileRef = 84BB3CEC298784D1003795C3 /* MyFollowersUserViewController.swift */; };
		84BB3CEF2987854A003795C3 /* MyFollowersUserViewCell.swift in Sources */ = {isa = PBXBuildFile; fileRef = 84BB3CEE2987854A003795C3 /* MyFollowersUserViewCell.swift */; };
		84BB3CF1298A15EE003795C3 /* FollowersUsersWithMeController.swift in Sources */ = {isa = PBXBuildFile; fileRef = 84BB3CF0298A15EE003795C3 /* FollowersUsersWithMeController.swift */; };
		84BB3CF3298A1657003795C3 /* FollowersUserWithMeCell.swift in Sources */ = {isa = PBXBuildFile; fileRef = 84BB3CF2298A1657003795C3 /* FollowersUserWithMeCell.swift */; };
		84D0A3DE2994241200B2DE8F /* FirebaseAnalytics in Frameworks */ = {isa = PBXBuildFile; productRef = 84D0A3DD2994241200B2DE8F /* FirebaseAnalytics */; };
		84D0A3E02994241200B2DE8F /* FirebaseAuth in Frameworks */ = {isa = PBXBuildFile; productRef = 84D0A3DF2994241200B2DE8F /* FirebaseAuth */; };
		84D0A3E22994241200B2DE8F /* FirebaseDatabase in Frameworks */ = {isa = PBXBuildFile; productRef = 84D0A3E12994241200B2DE8F /* FirebaseDatabase */; };
		84D0A3E42994241200B2DE8F /* FirebaseStorage in Frameworks */ = {isa = PBXBuildFile; productRef = 84D0A3E32994241200B2DE8F /* FirebaseStorage */; };
		84D0A3E629973AF600B2DE8F /* CommentViewController.swift in Sources */ = {isa = PBXBuildFile; fileRef = 84D0A3E529973AF600B2DE8F /* CommentViewController.swift */; };
		84D0A3E8299742B200B2DE8F /* CommentsTableViewCell.swift in Sources */ = {isa = PBXBuildFile; fileRef = 84D0A3E7299742B100B2DE8F /* CommentsTableViewCell.swift */; };
		84D0A3EA2997442300B2DE8F /* HeaderCommment.swift in Sources */ = {isa = PBXBuildFile; fileRef = 84D0A3E92997442300B2DE8F /* HeaderCommment.swift */; };
		84D0A3ED299786EE00B2DE8F /* Comment.swift in Sources */ = {isa = PBXBuildFile; fileRef = 84D0A3EC299786EC00B2DE8F /* Comment.swift */; };
		84EC691029CFF97F0018A51B /* ExtensionBlur.swift in Sources */ = {isa = PBXBuildFile; fileRef = 84EC690F29CFF97F0018A51B /* ExtensionBlur.swift */; };
		84EC691229CFFF580018A51B /* ActivityFuncion.swift in Sources */ = {isa = PBXBuildFile; fileRef = 84EC691129CFFF570018A51B /* ActivityFuncion.swift */; };
/* End PBXBuildFile section */

/* Begin PBXFileReference section */
		8401E76729C8617300A7C95D /* MatchViewController.swift */ = {isa = PBXFileReference; lastKnownFileType = sourcecode.swift; path = MatchViewController.swift; sourceTree = "<group>"; };
		8401E76929C861A900A7C95D /* MatchCoordinator.swift */ = {isa = PBXFileReference; lastKnownFileType = sourcecode.swift; path = MatchCoordinator.swift; sourceTree = "<group>"; };
		8403008D299CE470005342AC /* ProfileViewModel.swift */ = {isa = PBXFileReference; lastKnownFileType = sourcecode.swift; path = ProfileViewModel.swift; sourceTree = "<group>"; };
		840C603B298EDC1400932714 /* Assets.xcassets */ = {isa = PBXFileReference; lastKnownFileType = folder.assetcatalog; path = Assets.xcassets; sourceTree = "<group>"; };
		8414E76029CB9FD4004FF5A4 /* GameViewController.swift */ = {isa = PBXFileReference; lastKnownFileType = sourcecode.swift; path = GameViewController.swift; sourceTree = "<group>"; };
		8414E76229CBA114004FF5A4 /* GameCoordinator.swift */ = {isa = PBXFileReference; lastKnownFileType = sourcecode.swift; path = GameCoordinator.swift; sourceTree = "<group>"; };
		842FB86B29C313320075F633 /* CommentsSheetViewController.swift */ = {isa = PBXFileReference; lastKnownFileType = sourcecode.swift; path = CommentsSheetViewController.swift; sourceTree = "<group>"; };
		8479F67F29B89E0F00933375 /* HomeEmptyStateView.swift */ = {isa = PBXFileReference; lastKnownFileType = sourcecode.swift; path = HomeEmptyStateView.swift; sourceTree = "<group>"; };
		8479F68329B9A21600933375 /* ContactsMessageViewController.swift */ = {isa = PBXFileReference; lastKnownFileType = sourcecode.swift; path = ContactsMessageViewController.swift; sourceTree = "<group>"; };
		8479F68629B9A87200933375 /* AllChatsTableViewCell.swift */ = {isa = PBXFileReference; lastKnownFileType = sourcecode.swift; path = AllChatsTableViewCell.swift; sourceTree = "<group>"; };
		8479F68829B9A9A600933375 /* ChatViewController.swift */ = {isa = PBXFileReference; lastKnownFileType = sourcecode.swift; path = ChatViewController.swift; sourceTree = "<group>"; };
		8479F68A29B9A9D000933375 /* LocalChatTableViewCell.swift */ = {isa = PBXFileReference; lastKnownFileType = sourcecode.swift; path = LocalChatTableViewCell.swift; sourceTree = "<group>"; };
		8479F68C29BC2B2A00933375 /* LocalChatWithUserTableViewCell.swift */ = {isa = PBXFileReference; lastKnownFileType = sourcecode.swift; path = LocalChatWithUserTableViewCell.swift; sourceTree = "<group>"; };
		8479F69429BC87C800933375 /* StorysTableViewCell.swift */ = {isa = PBXFileReference; lastKnownFileType = sourcecode.swift; path = StorysTableViewCell.swift; sourceTree = "<group>"; };
		8479F69629BC8B2200933375 /* CustomCollectionViewCell.swift */ = {isa = PBXFileReference; lastKnownFileType = sourcecode.swift; path = CustomCollectionViewCell.swift; sourceTree = "<group>"; };
		8479F69829BD930B00933375 /* Const.swift */ = {isa = PBXFileReference; lastKnownFileType = sourcecode.swift; path = Const.swift; sourceTree = "<group>"; };
		8482EC0E2972680A00058A7D /* Post.swift */ = {isa = PBXFileReference; fileEncoding = 4; lastKnownFileType = sourcecode.swift; path = Post.swift; sourceTree = "<group>"; };
		8482EC102972685000058A7D /* AppDelegate.swift */ = {isa = PBXFileReference; fileEncoding = 4; lastKnownFileType = sourcecode.swift; path = AppDelegate.swift; sourceTree = "<group>"; };
		848881A92964C97D006BE6A1 /* Juls.app */ = {isa = PBXFileReference; explicitFileType = wrapper.application; includeInIndex = 0; path = Juls.app; sourceTree = BUILT_PRODUCTS_DIR; };
		848881AE2964C97D006BE6A1 /* SceneDelegate.swift */ = {isa = PBXFileReference; lastKnownFileType = sourcecode.swift; path = SceneDelegate.swift; sourceTree = "<group>"; };
		848881B82964C983006BE6A1 /* Base */ = {isa = PBXFileReference; lastKnownFileType = file.storyboard; name = Base; path = Base.lproj/LaunchScreen.storyboard; sourceTree = "<group>"; };
		848881BA2964C983006BE6A1 /* Info.plist */ = {isa = PBXFileReference; lastKnownFileType = text.plist.xml; path = Info.plist; sourceTree = "<group>"; };
		848881C02964C9F1006BE6A1 /* GoogleService-Info.plist */ = {isa = PBXFileReference; fileEncoding = 4; lastKnownFileType = text.plist.xml; path = "GoogleService-Info.plist"; sourceTree = "<group>"; };
		848881CB2964CC4B006BE6A1 /* ViewControllerFactory.swift */ = {isa = PBXFileReference; lastKnownFileType = sourcecode.swift; path = ViewControllerFactory.swift; sourceTree = "<group>"; };
		848881D72964CE8C006BE6A1 /* PhotosCollectionViewCell.swift */ = {isa = PBXFileReference; lastKnownFileType = sourcecode.swift; path = PhotosCollectionViewCell.swift; sourceTree = "<group>"; };
		848881E92964D06C006BE6A1 /* Coordinator.swift */ = {isa = PBXFileReference; lastKnownFileType = sourcecode.swift; path = Coordinator.swift; sourceTree = "<group>"; };
		848881EB2964D0B3006BE6A1 /* AppCoordinator.swift */ = {isa = PBXFileReference; lastKnownFileType = sourcecode.swift; path = AppCoordinator.swift; sourceTree = "<group>"; };
		848881F12964D105006BE6A1 /* NewsCoordinator.swift */ = {isa = PBXFileReference; lastKnownFileType = sourcecode.swift; path = NewsCoordinator.swift; sourceTree = "<group>"; };
		848881F32964D11A006BE6A1 /* LoginCoordinator.swift */ = {isa = PBXFileReference; lastKnownFileType = sourcecode.swift; path = LoginCoordinator.swift; sourceTree = "<group>"; };
		848881F72964D16D006BE6A1 /* ProfileCoordinator.swift */ = {isa = PBXFileReference; lastKnownFileType = sourcecode.swift; path = ProfileCoordinator.swift; sourceTree = "<group>"; };
		848881FE2964D2AB006BE6A1 /* CustomTextfield.swift */ = {isa = PBXFileReference; lastKnownFileType = sourcecode.swift; path = CustomTextfield.swift; sourceTree = "<group>"; };
		848882002964D373006BE6A1 /* CustomButton.swift */ = {isa = PBXFileReference; lastKnownFileType = sourcecode.swift; path = CustomButton.swift; sourceTree = "<group>"; };
		848882072964D3E2006BE6A1 /* WebViewController.swift */ = {isa = PBXFileReference; lastKnownFileType = sourcecode.swift; path = WebViewController.swift; sourceTree = "<group>"; };
		848882092964D3F9006BE6A1 /* LikeView.swift */ = {isa = PBXFileReference; lastKnownFileType = sourcecode.swift; path = LikeView.swift; sourceTree = "<group>"; };
		848882132964D48B006BE6A1 /* MainTabBarController.swift */ = {isa = PBXFileReference; lastKnownFileType = sourcecode.swift; path = MainTabBarController.swift; sourceTree = "<group>"; };
		848882172964D4BE006BE6A1 /* String+Extension.swift */ = {isa = PBXFileReference; lastKnownFileType = sourcecode.swift; path = "String+Extension.swift"; sourceTree = "<group>"; };
		848882192964D4D5006BE6A1 /* ColorMode.swift */ = {isa = PBXFileReference; lastKnownFileType = sourcecode.swift; path = ColorMode.swift; sourceTree = "<group>"; };
		8488821D2964D514006BE6A1 /* CommonAlert.swift */ = {isa = PBXFileReference; lastKnownFileType = sourcecode.swift; path = CommonAlert.swift; sourceTree = "<group>"; };
		848882272964D59A006BE6A1 /* LocalNotificationService.swift */ = {isa = PBXFileReference; lastKnownFileType = sourcecode.swift; path = LocalNotificationService.swift; sourceTree = "<group>"; };
		848882312964D67A006BE6A1 /* LoginViewController.swift */ = {isa = PBXFileReference; lastKnownFileType = sourcecode.swift; path = LoginViewController.swift; sourceTree = "<group>"; };
		848882332964D693006BE6A1 /* LoginView.swift */ = {isa = PBXFileReference; lastKnownFileType = sourcecode.swift; path = LoginView.swift; sourceTree = "<group>"; };
		848882352964D6AD006BE6A1 /* LoginViewModel.swift */ = {isa = PBXFileReference; lastKnownFileType = sourcecode.swift; path = LoginViewModel.swift; sourceTree = "<group>"; };
		8488823F2964D798006BE6A1 /* DownloadManager.swift */ = {isa = PBXFileReference; lastKnownFileType = sourcecode.swift; path = DownloadManager.swift; sourceTree = "<group>"; };
		848882412964D7B6006BE6A1 /* ArticleTableViewCell.swift */ = {isa = PBXFileReference; lastKnownFileType = sourcecode.swift; path = ArticleTableViewCell.swift; sourceTree = "<group>"; };
		848882432964D7D3006BE6A1 /* ArticleViewController.swift */ = {isa = PBXFileReference; lastKnownFileType = sourcecode.swift; path = ArticleViewController.swift; sourceTree = "<group>"; };
		848882452964D7EB006BE6A1 /* NewsTableViewCell.swift */ = {isa = PBXFileReference; lastKnownFileType = sourcecode.swift; path = NewsTableViewCell.swift; sourceTree = "<group>"; };
		848882472964D806006BE6A1 /* NewsListController.swift */ = {isa = PBXFileReference; lastKnownFileType = sourcecode.swift; path = NewsListController.swift; sourceTree = "<group>"; };
		8488824C2964D84E006BE6A1 /* ProfileViewController.swift */ = {isa = PBXFileReference; lastKnownFileType = sourcecode.swift; path = ProfileViewController.swift; sourceTree = "<group>"; };
		848882762966555D006BE6A1 /* User.swift */ = {isa = PBXFileReference; lastKnownFileType = sourcecode.swift; path = User.swift; sourceTree = "<group>"; };
		84888278296680DD006BE6A1 /* InfoView.swift */ = {isa = PBXFileReference; lastKnownFileType = sourcecode.swift; path = InfoView.swift; sourceTree = "<group>"; };
		8488827A29678494006BE6A1 /* SearchController.swift */ = {isa = PBXFileReference; lastKnownFileType = sourcecode.swift; path = SearchController.swift; sourceTree = "<group>"; };
		8488827C296784E3006BE6A1 /* SearchCoordinator.swift */ = {isa = PBXFileReference; lastKnownFileType = sourcecode.swift; path = SearchCoordinator.swift; sourceTree = "<group>"; };
		8488827E29678F5F006BE6A1 /* CellIdTableViewCell.swift */ = {isa = PBXFileReference; lastKnownFileType = sourcecode.swift; path = CellIdTableViewCell.swift; sourceTree = "<group>"; };
		848882802967A335006BE6A1 /* CustomImageView.swift */ = {isa = PBXFileReference; lastKnownFileType = sourcecode.swift; path = CustomImageView.swift; sourceTree = "<group>"; };
		848882822967DB2B006BE6A1 /* Firebase+Extension.swift */ = {isa = PBXFileReference; lastKnownFileType = sourcecode.swift; path = "Firebase+Extension.swift"; sourceTree = "<group>"; };
		8488828B2968BC4B006BE6A1 /* HomeViewController.swift */ = {isa = PBXFileReference; lastKnownFileType = sourcecode.swift; path = HomeViewController.swift; sourceTree = "<group>"; };
		8488828D2968BCF5006BE6A1 /* HomeCoordinator.swift */ = {isa = PBXFileReference; lastKnownFileType = sourcecode.swift; path = HomeCoordinator.swift; sourceTree = "<group>"; };
		848882932969F78F006BE6A1 /* SaveView.swift */ = {isa = PBXFileReference; lastKnownFileType = sourcecode.swift; path = SaveView.swift; sourceTree = "<group>"; };
		849ABB4129700EAC000ABEA2 /* HomeTableViewCell.swift */ = {isa = PBXFileReference; lastKnownFileType = sourcecode.swift; path = HomeTableViewCell.swift; sourceTree = "<group>"; };
		849ABB43297047F7000ABEA2 /* JulsView.swift */ = {isa = PBXFileReference; lastKnownFileType = sourcecode.swift; path = JulsView.swift; sourceTree = "<group>"; };
		84A42BF929786439001FD432 /* MessagePostViewController.swift */ = {isa = PBXFileReference; lastKnownFileType = sourcecode.swift; path = MessagePostViewController.swift; sourceTree = "<group>"; };
		84A7309029A8785800FF3888 /* MessagesViewController.swift */ = {isa = PBXFileReference; lastKnownFileType = sourcecode.swift; path = MessagesViewController.swift; sourceTree = "<group>"; };
		84A7309229A8795600FF3888 /* MessagesTableViewCell.swift */ = {isa = PBXFileReference; lastKnownFileType = sourcecode.swift; path = MessagesTableViewCell.swift; sourceTree = "<group>"; };
		84A7309529A8EF5E00FF3888 /* Message.swift */ = {isa = PBXFileReference; lastKnownFileType = sourcecode.swift; path = Message.swift; sourceTree = "<group>"; };
		84B3C16A2981F5AE0044EE9C /* PostViewController.swift */ = {isa = PBXFileReference; lastKnownFileType = sourcecode.swift; path = PostViewController.swift; sourceTree = "<group>"; };
		84B3C16C298383DA0044EE9C /* StretchyCollectionHeaderView.swift */ = {isa = PBXFileReference; lastKnownFileType = sourcecode.swift; path = StretchyCollectionHeaderView.swift; sourceTree = "<group>"; };
		84B3C16E2983850F0044EE9C /* CollectionViewFlowLayout.swift */ = {isa = PBXFileReference; lastKnownFileType = sourcecode.swift; path = CollectionViewFlowLayout.swift; sourceTree = "<group>"; };
		84B3C1702984524D0044EE9C /* MainCollectionViewCell.swift */ = {isa = PBXFileReference; lastKnownFileType = sourcecode.swift; path = MainCollectionViewCell.swift; sourceTree = "<group>"; };
		84B3C1782984CF750044EE9C /* PostTableViewCell.swift */ = {isa = PBXFileReference; lastKnownFileType = sourcecode.swift; path = PostTableViewCell.swift; sourceTree = "<group>"; };
		84B3C17A298635DB0044EE9C /* ExtensionDate.swift */ = {isa = PBXFileReference; lastKnownFileType = sourcecode.swift; path = ExtensionDate.swift; sourceTree = "<group>"; };
		84BB3CEC298784D1003795C3 /* MyFollowersUserViewController.swift */ = {isa = PBXFileReference; lastKnownFileType = sourcecode.swift; path = MyFollowersUserViewController.swift; sourceTree = "<group>"; };
		84BB3CEE2987854A003795C3 /* MyFollowersUserViewCell.swift */ = {isa = PBXFileReference; lastKnownFileType = sourcecode.swift; path = MyFollowersUserViewCell.swift; sourceTree = "<group>"; };
		84BB3CF0298A15EE003795C3 /* FollowersUsersWithMeController.swift */ = {isa = PBXFileReference; lastKnownFileType = sourcecode.swift; path = FollowersUsersWithMeController.swift; sourceTree = "<group>"; };
		84BB3CF2298A1657003795C3 /* FollowersUserWithMeCell.swift */ = {isa = PBXFileReference; lastKnownFileType = sourcecode.swift; path = FollowersUserWithMeCell.swift; sourceTree = "<group>"; };
		84D0A3E529973AF600B2DE8F /* CommentViewController.swift */ = {isa = PBXFileReference; lastKnownFileType = sourcecode.swift; path = CommentViewController.swift; sourceTree = "<group>"; };
		84D0A3E7299742B100B2DE8F /* CommentsTableViewCell.swift */ = {isa = PBXFileReference; lastKnownFileType = sourcecode.swift; path = CommentsTableViewCell.swift; sourceTree = "<group>"; };
		84D0A3E92997442300B2DE8F /* HeaderCommment.swift */ = {isa = PBXFileReference; lastKnownFileType = sourcecode.swift; path = HeaderCommment.swift; sourceTree = "<group>"; };
		84D0A3EC299786EC00B2DE8F /* Comment.swift */ = {isa = PBXFileReference; lastKnownFileType = sourcecode.swift; path = Comment.swift; sourceTree = "<group>"; };
		84EC690F29CFF97F0018A51B /* ExtensionBlur.swift */ = {isa = PBXFileReference; lastKnownFileType = sourcecode.swift; path = ExtensionBlur.swift; sourceTree = "<group>"; };
		84EC691129CFFF570018A51B /* ActivityFuncion.swift */ = {isa = PBXFileReference; lastKnownFileType = sourcecode.swift; path = ActivityFuncion.swift; sourceTree = "<group>"; };
/* End PBXFileReference section */

/* Begin PBXFrameworksBuildPhase section */
		848881A62964C97D006BE6A1 /* Frameworks */ = {
			isa = PBXFrameworksBuildPhase;
			buildActionMask = 2147483647;
			files = (
				84D0A3E22994241200B2DE8F /* FirebaseDatabase in Frameworks */,
				84D0A3E42994241200B2DE8F /* FirebaseStorage in Frameworks */,
				84D0A3DE2994241200B2DE8F /* FirebaseAnalytics in Frameworks */,
				84D0A3E02994241200B2DE8F /* FirebaseAuth in Frameworks */,
			);
			runOnlyForDeploymentPostprocessing = 0;
		};
/* End PBXFrameworksBuildPhase section */

/* Begin PBXGroup section */
		8401E76629C8615900A7C95D /* Match */ = {
			isa = PBXGroup;
			children = (
				8401E76729C8617300A7C95D /* MatchViewController.swift */,
			);
			path = Match;
			sourceTree = "<group>";
		};
		8414E75F29CB9FBC004FF5A4 /* Game */ = {
			isa = PBXGroup;
			children = (
				8414E76029CB9FD4004FF5A4 /* GameViewController.swift */,
			);
			path = Game;
			sourceTree = "<group>";
		};
		8479F68529B9A47400933375 /* ChatGroup */ = {
			isa = PBXGroup;
			children = (
				84A7309029A8785800FF3888 /* MessagesViewController.swift */,
				8479F68329B9A21600933375 /* ContactsMessageViewController.swift */,
				8479F68829B9A9A600933375 /* ChatViewController.swift */,
				84A7309229A8795600FF3888 /* MessagesTableViewCell.swift */,
				8479F68629B9A87200933375 /* AllChatsTableViewCell.swift */,
				8479F68A29B9A9D000933375 /* LocalChatTableViewCell.swift */,
				8479F68C29BC2B2A00933375 /* LocalChatWithUserTableViewCell.swift */,
			);
			path = ChatGroup;
			sourceTree = "<group>";
		};
		8479F68E29BC82D900933375 /* IFollowGroup */ = {
			isa = PBXGroup;
			children = (
				84BB3CEC298784D1003795C3 /* MyFollowersUserViewController.swift */,
				84BB3CEE2987854A003795C3 /* MyFollowersUserViewCell.swift */,
			);
			path = IFollowGroup;
			sourceTree = "<group>";
		};
		8479F68F29BC833700933375 /* FollowMeGroup */ = {
			isa = PBXGroup;
			children = (
				84BB3CF0298A15EE003795C3 /* FollowersUsersWithMeController.swift */,
				84BB3CF2298A1657003795C3 /* FollowersUserWithMeCell.swift */,
			);
			path = FollowMeGroup;
			sourceTree = "<group>";
		};
		8479F69029BC836900933375 /* SearchGroup */ = {
			isa = PBXGroup;
			children = (
				8488827A29678494006BE6A1 /* SearchController.swift */,
				8488827E29678F5F006BE6A1 /* CellIdTableViewCell.swift */,
			);
			path = SearchGroup;
			sourceTree = "<group>";
		};
		8479F69129BC839200933375 /* HomeFeedGroup */ = {
			isa = PBXGroup;
			children = (
				8488828B2968BC4B006BE6A1 /* HomeViewController.swift */,
				849ABB4129700EAC000ABEA2 /* HomeTableViewCell.swift */,
				8479F69429BC87C800933375 /* StorysTableViewCell.swift */,
				8479F69629BC8B2200933375 /* CustomCollectionViewCell.swift */,
			);
			path = HomeFeedGroup;
			sourceTree = "<group>";
		};
		8479F69229BC83BA00933375 /* PostGroup */ = {
			isa = PBXGroup;
			children = (
				84B3C16A2981F5AE0044EE9C /* PostViewController.swift */,
				84B3C1782984CF750044EE9C /* PostTableViewCell.swift */,
				84A42BF929786439001FD432 /* MessagePostViewController.swift */,
			);
			path = PostGroup;
			sourceTree = "<group>";
		};
		8479F69329BC83E200933375 /* CommentsGroup */ = {
			isa = PBXGroup;
			children = (
				84D0A3E7299742B100B2DE8F /* CommentsTableViewCell.swift */,
				84D0A3E529973AF600B2DE8F /* CommentViewController.swift */,
				84D0A3E92997442300B2DE8F /* HeaderCommment.swift */,
				842FB86B29C313320075F633 /* CommentsSheetViewController.swift */,
			);
			path = CommentsGroup;
			sourceTree = "<group>";
		};
		848881A02964C97D006BE6A1 = {
			isa = PBXGroup;
			children = (
				848881AB2964C97D006BE6A1 /* Juls */,
				848881AA2964C97D006BE6A1 /* Products */,
			);
			sourceTree = "<group>";
		};
		848881AA2964C97D006BE6A1 /* Products */ = {
			isa = PBXGroup;
			children = (
				848881A92964C97D006BE6A1 /* Juls.app */,
			);
			name = Products;
			sourceTree = "<group>";
		};
		848881AB2964C97D006BE6A1 /* Juls */ = {
			isa = PBXGroup;
			children = (
				8414E75F29CB9FBC004FF5A4 /* Game */,
				8401E76629C8615900A7C95D /* Match */,
				840C603B298EDC1400932714 /* Assets.xcassets */,
				8479F68529B9A47400933375 /* ChatGroup */,
				8479F69329BC83E200933375 /* CommentsGroup */,
				848881E82964D051006BE6A1 /* Coordinator */,
				848881FD2964D280006BE6A1 /* CustomElements */,
				848881CA2964CC21006BE6A1 /* Factory */,
				8479F68F29BC833700933375 /* FollowMeGroup */,
				848881C02964C9F1006BE6A1 /* GoogleService-Info.plist */,
				8479F69129BC839200933375 /* HomeFeedGroup */,
				8479F68E29BC82D900933375 /* IFollowGroup */,
				848881BA2964C983006BE6A1 /* Info.plist */,
				848881B72964C983006BE6A1 /* LaunchScreen.storyboard */,
				848882302964D65B006BE6A1 /* LoginGroup */,
				8488823E2964D778006BE6A1 /* NewsGroup */,
				848882022964D39E006BE6A1 /* Other */,
				8479F69229BC83BA00933375 /* PostGroup */,
				848882492964D812006BE6A1 /* ProfileGroup */,
				848881C92964CBF5006BE6A1 /* Scenes */,
				8479F69029BC836900933375 /* SearchGroup */,
				84A7309929AB1D8000FF3888 /* Struct */,
			);
			path = Juls;
			sourceTree = "<group>";
		};
		848881C92964CBF5006BE6A1 /* Scenes */ = {
			isa = PBXGroup;
			children = (
				8482EC102972685000058A7D /* AppDelegate.swift */,
				848881AE2964C97D006BE6A1 /* SceneDelegate.swift */,
			);
			path = Scenes;
			sourceTree = "<group>";
		};
		848881CA2964CC21006BE6A1 /* Factory */ = {
			isa = PBXGroup;
			children = (
				848881CB2964CC4B006BE6A1 /* ViewControllerFactory.swift */,
			);
			path = Factory;
			sourceTree = "<group>";
		};
		848881E82964D051006BE6A1 /* Coordinator */ = {
			isa = PBXGroup;
			children = (
				848881EB2964D0B3006BE6A1 /* AppCoordinator.swift */,
				848881E92964D06C006BE6A1 /* Coordinator.swift */,
				848881F32964D11A006BE6A1 /* LoginCoordinator.swift */,
				848881F12964D105006BE6A1 /* NewsCoordinator.swift */,
				8488828D2968BCF5006BE6A1 /* HomeCoordinator.swift */,
				848881F72964D16D006BE6A1 /* ProfileCoordinator.swift */,
				8488827C296784E3006BE6A1 /* SearchCoordinator.swift */,
				8401E76929C861A900A7C95D /* MatchCoordinator.swift */,
				8414E76229CBA114004FF5A4 /* GameCoordinator.swift */,
			);
			path = Coordinator;
			sourceTree = "<group>";
		};
		848881FD2964D280006BE6A1 /* CustomElements */ = {
			isa = PBXGroup;
			children = (
				848882002964D373006BE6A1 /* CustomButton.swift */,
				848882802967A335006BE6A1 /* CustomImageView.swift */,
				848881FE2964D2AB006BE6A1 /* CustomTextfield.swift */,
				849ABB43297047F7000ABEA2 /* JulsView.swift */,
				848882932969F78F006BE6A1 /* SaveView.swift */,
				848882072964D3E2006BE6A1 /* WebViewController.swift */,
				848882132964D48B006BE6A1 /* MainTabBarController.swift */,
				848882092964D3F9006BE6A1 /* LikeView.swift */,
				84888278296680DD006BE6A1 /* InfoView.swift */,
				8479F67F29B89E0F00933375 /* HomeEmptyStateView.swift */,
			);
			path = CustomElements;
			sourceTree = "<group>";
		};
		848882022964D39E006BE6A1 /* Other */ = {
			isa = PBXGroup;
			children = (
				848882192964D4D5006BE6A1 /* ColorMode.swift */,
				8488821D2964D514006BE6A1 /* CommonAlert.swift */,
				848882822967DB2B006BE6A1 /* Firebase+Extension.swift */,
				848882272964D59A006BE6A1 /* LocalNotificationService.swift */,
				848882172964D4BE006BE6A1 /* String+Extension.swift */,
				84B3C17A298635DB0044EE9C /* ExtensionDate.swift */,
				84EC690F29CFF97F0018A51B /* ExtensionBlur.swift */,
				84EC691129CFFF570018A51B /* ActivityFuncion.swift */,
			);
			path = Other;
			sourceTree = "<group>";
		};
		848882302964D65B006BE6A1 /* LoginGroup */ = {
			isa = PBXGroup;
			children = (
				848882332964D693006BE6A1 /* LoginView.swift */,
				848882312964D67A006BE6A1 /* LoginViewController.swift */,
				848882352964D6AD006BE6A1 /* LoginViewModel.swift */,
			);
			path = LoginGroup;
			sourceTree = "<group>";
		};
		8488823E2964D778006BE6A1 /* NewsGroup */ = {
			isa = PBXGroup;
			children = (
				848882412964D7B6006BE6A1 /* ArticleTableViewCell.swift */,
				848882432964D7D3006BE6A1 /* ArticleViewController.swift */,
				8488823F2964D798006BE6A1 /* DownloadManager.swift */,
				848882472964D806006BE6A1 /* NewsListController.swift */,
				848882452964D7EB006BE6A1 /* NewsTableViewCell.swift */,
			);
			path = NewsGroup;
			sourceTree = "<group>";
		};
		848882492964D812006BE6A1 /* ProfileGroup */ = {
			isa = PBXGroup;
			children = (
				8488824C2964D84E006BE6A1 /* ProfileViewController.swift */,
				8403008D299CE470005342AC /* ProfileViewModel.swift */,
				84B3C16C298383DA0044EE9C /* StretchyCollectionHeaderView.swift */,
				84B3C16E2983850F0044EE9C /* CollectionViewFlowLayout.swift */,
				84B3C1702984524D0044EE9C /* MainCollectionViewCell.swift */,
				848881D72964CE8C006BE6A1 /* PhotosCollectionViewCell.swift */,
			);
			path = ProfileGroup;
			sourceTree = "<group>";
		};
		84A7309929AB1D8000FF3888 /* Struct */ = {
			isa = PBXGroup;
			children = (
				848882762966555D006BE6A1 /* User.swift */,
				8482EC0E2972680A00058A7D /* Post.swift */,
				84D0A3EC299786EC00B2DE8F /* Comment.swift */,
				84A7309529A8EF5E00FF3888 /* Message.swift */,
				8479F69829BD930B00933375 /* Const.swift */,
			);
			path = Struct;
			sourceTree = "<group>";
		};
/* End PBXGroup section */

/* Begin PBXNativeTarget section */
		848881A82964C97D006BE6A1 /* Juls */ = {
			isa = PBXNativeTarget;
			buildConfigurationList = 848881BD2964C983006BE6A1 /* Build configuration list for PBXNativeTarget "Juls" */;
			buildPhases = (
				848881A52964C97D006BE6A1 /* Sources */,
				848881A62964C97D006BE6A1 /* Frameworks */,
				848881A72964C97D006BE6A1 /* Resources */,
			);
			buildRules = (
			);
			dependencies = (
			);
			name = Juls;
			packageProductDependencies = (
				84D0A3DD2994241200B2DE8F /* FirebaseAnalytics */,
				84D0A3DF2994241200B2DE8F /* FirebaseAuth */,
				84D0A3E12994241200B2DE8F /* FirebaseDatabase */,
				84D0A3E32994241200B2DE8F /* FirebaseStorage */,
			);
			productName = Juls;
			productReference = 848881A92964C97D006BE6A1 /* Juls.app */;
			productType = "com.apple.product-type.application";
		};
/* End PBXNativeTarget section */

/* Begin PBXProject section */
		848881A12964C97D006BE6A1 /* Project object */ = {
			isa = PBXProject;
			attributes = {
				BuildIndependentTargetsInParallel = 1;
				LastSwiftUpdateCheck = 1400;
				LastUpgradeCheck = 1400;
				TargetAttributes = {
					848881A82964C97D006BE6A1 = {
						CreatedOnToolsVersion = 14.0;
					};
				};
			};
			buildConfigurationList = 848881A42964C97D006BE6A1 /* Build configuration list for PBXProject "Juls" */;
			compatibilityVersion = "Xcode 14.0";
			developmentRegion = en;
			hasScannedForEncodings = 0;
			knownRegions = (
				en,
				Base,
			);
			mainGroup = 848881A02964C97D006BE6A1;
			packageReferences = (
				84D0A3DC2994241200B2DE8F /* XCRemoteSwiftPackageReference "firebase-ios-sdk" */,
			);
			productRefGroup = 848881AA2964C97D006BE6A1 /* Products */;
			projectDirPath = "";
			projectRoot = "";
			targets = (
				848881A82964C97D006BE6A1 /* Juls */,
			);
		};
/* End PBXProject section */

/* Begin PBXResourcesBuildPhase section */
		848881A72964C97D006BE6A1 /* Resources */ = {
			isa = PBXResourcesBuildPhase;
			buildActionMask = 2147483647;
			files = (
				848881B92964C983006BE6A1 /* LaunchScreen.storyboard in Resources */,
				840C603C298EDC1400932714 /* Assets.xcassets in Resources */,
				848881C12964C9F2006BE6A1 /* GoogleService-Info.plist in Resources */,
			);
			runOnlyForDeploymentPostprocessing = 0;
		};
/* End PBXResourcesBuildPhase section */

/* Begin PBXSourcesBuildPhase section */
		848881A52964C97D006BE6A1 /* Sources */ = {
			isa = PBXSourcesBuildPhase;
			buildActionMask = 2147483647;
			files = (
				848881EA2964D06C006BE6A1 /* Coordinator.swift in Sources */,
				84D0A3ED299786EE00B2DE8F /* Comment.swift in Sources */,
				848882142964D48B006BE6A1 /* MainTabBarController.swift in Sources */,
				848882012964D374006BE6A1 /* CustomButton.swift in Sources */,
				8414E76129CB9FD6004FF5A4 /* GameViewController.swift in Sources */,
				848881EC2964D0B3006BE6A1 /* AppCoordinator.swift in Sources */,
				848882462964D7EB006BE6A1 /* NewsTableViewCell.swift in Sources */,
				848882362964D6AD006BE6A1 /* LoginViewModel.swift in Sources */,
				8488824D2964D84E006BE6A1 /* ProfileViewController.swift in Sources */,
				848882942969F78F006BE6A1 /* SaveView.swift in Sources */,
				848881CC2964CC4B006BE6A1 /* ViewControllerFactory.swift in Sources */,
				848882282964D59A006BE6A1 /* LocalNotificationService.swift in Sources */,
				84A42BFA29786439001FD432 /* MessagePostViewController.swift in Sources */,
				848882772966555E006BE6A1 /* User.swift in Sources */,
				8403008E299CE470005342AC /* ProfileViewModel.swift in Sources */,
				84BB3CF1298A15EE003795C3 /* FollowersUsersWithMeController.swift in Sources */,
				84BB3CED298784D1003795C3 /* MyFollowersUserViewController.swift in Sources */,
				848882482964D806006BE6A1 /* NewsListController.swift in Sources */,
				8479F69529BC87C800933375 /* StorysTableViewCell.swift in Sources */,
				84D0A3E8299742B200B2DE8F /* CommentsTableViewCell.swift in Sources */,
				8414E76329CBA115004FF5A4 /* GameCoordinator.swift in Sources */,
				8488827B29678494006BE6A1 /* SearchController.swift in Sources */,
				8488821A2964D4D5006BE6A1 /* ColorMode.swift in Sources */,
				84A7309629A8EF5E00FF3888 /* Message.swift in Sources */,
				848881F42964D11A006BE6A1 /* LoginCoordinator.swift in Sources */,
				848882402964D798006BE6A1 /* DownloadManager.swift in Sources */,
				848882082964D3E2006BE6A1 /* WebViewController.swift in Sources */,
				8482EC112972685000058A7D /* AppDelegate.swift in Sources */,
				84D0A3EA2997442300B2DE8F /* HeaderCommment.swift in Sources */,
				848881AF2964C97D006BE6A1 /* SceneDelegate.swift in Sources */,
				8479F68029B89E1000933375 /* HomeEmptyStateView.swift in Sources */,
				84EC691229CFFF580018A51B /* ActivityFuncion.swift in Sources */,
				848882342964D693006BE6A1 /* LoginView.swift in Sources */,
				8488828C2968BC4B006BE6A1 /* HomeViewController.swift in Sources */,
				842FB86C29C313320075F633 /* CommentsSheetViewController.swift in Sources */,
				848881D82964CE8C006BE6A1 /* PhotosCollectionViewCell.swift in Sources */,
				8479F68729B9A87200933375 /* AllChatsTableViewCell.swift in Sources */,
				84B3C1792984CF750044EE9C /* PostTableViewCell.swift in Sources */,
				84D0A3E629973AF600B2DE8F /* CommentViewController.swift in Sources */,
				848881F82964D16D006BE6A1 /* ProfileCoordinator.swift in Sources */,
				84BB3CF3298A1657003795C3 /* FollowersUserWithMeCell.swift in Sources */,
				8488827F29678F5F006BE6A1 /* CellIdTableViewCell.swift in Sources */,
				8479F68B29B9A9D000933375 /* LocalChatTableViewCell.swift in Sources */,
				8401E76A29C861A900A7C95D /* MatchCoordinator.swift in Sources */,
				8479F68D29BC2B2B00933375 /* LocalChatWithUserTableViewCell.swift in Sources */,
				848882182964D4BE006BE6A1 /* String+Extension.swift in Sources */,
				84B3C16B2981F5AE0044EE9C /* PostViewController.swift in Sources */,
				848882832967DB2B006BE6A1 /* Firebase+Extension.swift in Sources */,
				8401E76829C8617300A7C95D /* MatchViewController.swift in Sources */,
				84BB3CEF2987854A003795C3 /* MyFollowersUserViewCell.swift in Sources */,
				848881F22964D105006BE6A1 /* NewsCoordinator.swift in Sources */,
				8488821E2964D514006BE6A1 /* CommonAlert.swift in Sources */,
				848882322964D67A006BE6A1 /* LoginViewController.swift in Sources */,
				848882442964D7D3006BE6A1 /* ArticleViewController.swift in Sources */,
				84B3C16F2983850F0044EE9C /* CollectionViewFlowLayout.swift in Sources */,
				84A7309329A8795600FF3888 /* MessagesTableViewCell.swift in Sources */,
				848882422964D7B6006BE6A1 /* ArticleTableViewCell.swift in Sources */,
				84B3C17B298635DB0044EE9C /* ExtensionDate.swift in Sources */,
				849ABB44297047F7000ABEA2 /* JulsView.swift in Sources */,
				849ABB4229700EAC000ABEA2 /* HomeTableViewCell.swift in Sources */,
				84B3C16D298383DA0044EE9C /* StretchyCollectionHeaderView.swift in Sources */,
				8479F68929B9A9A600933375 /* ChatViewController.swift in Sources */,
				8482EC0F2972680B00058A7D /* Post.swift in Sources */,
				8479F69929BD930B00933375 /* Const.swift in Sources */,
				8479F69729BC8B2200933375 /* CustomCollectionViewCell.swift in Sources */,
				8488828E2968BCF5006BE6A1 /* HomeCoordinator.swift in Sources */,
				848882812967A335006BE6A1 /* CustomImageView.swift in Sources */,
				84A7309129A8785900FF3888 /* MessagesViewController.swift in Sources */,
				84888279296680DD006BE6A1 /* InfoView.swift in Sources */,
				8488827D296784E4006BE6A1 /* SearchCoordinator.swift in Sources */,
				84B3C1712984524D0044EE9C /* MainCollectionViewCell.swift in Sources */,
				84EC691029CFF97F0018A51B /* ExtensionBlur.swift in Sources */,
				8479F68429B9A21600933375 /* ContactsMessageViewController.swift in Sources */,
				8488820A2964D3F9006BE6A1 /* LikeView.swift in Sources */,
				848881FF2964D2AB006BE6A1 /* CustomTextfield.swift in Sources */,
			);
			runOnlyForDeploymentPostprocessing = 0;
		};
/* End PBXSourcesBuildPhase section */

/* Begin PBXVariantGroup section */
		848881B72964C983006BE6A1 /* LaunchScreen.storyboard */ = {
			isa = PBXVariantGroup;
			children = (
				848881B82964C983006BE6A1 /* Base */,
			);
			name = LaunchScreen.storyboard;
			sourceTree = "<group>";
		};
/* End PBXVariantGroup section */

/* Begin XCBuildConfiguration section */
		848881BB2964C983006BE6A1 /* Debug */ = {
			isa = XCBuildConfiguration;
			buildSettings = {
				ALWAYS_SEARCH_USER_PATHS = NO;
				CLANG_ANALYZER_NONNULL = YES;
				CLANG_ANALYZER_NUMBER_OBJECT_CONVERSION = YES_AGGRESSIVE;
				CLANG_CXX_LANGUAGE_STANDARD = "gnu++20";
				CLANG_ENABLE_MODULES = YES;
				CLANG_ENABLE_OBJC_ARC = YES;
				CLANG_ENABLE_OBJC_WEAK = YES;
				CLANG_WARN_BLOCK_CAPTURE_AUTORELEASING = YES;
				CLANG_WARN_BOOL_CONVERSION = YES;
				CLANG_WARN_COMMA = YES;
				CLANG_WARN_CONSTANT_CONVERSION = YES;
				CLANG_WARN_DEPRECATED_OBJC_IMPLEMENTATIONS = YES;
				CLANG_WARN_DIRECT_OBJC_ISA_USAGE = YES_ERROR;
				CLANG_WARN_DOCUMENTATION_COMMENTS = YES;
				CLANG_WARN_EMPTY_BODY = YES;
				CLANG_WARN_ENUM_CONVERSION = YES;
				CLANG_WARN_INFINITE_RECURSION = YES;
				CLANG_WARN_INT_CONVERSION = YES;
				CLANG_WARN_NON_LITERAL_NULL_CONVERSION = YES;
				CLANG_WARN_OBJC_IMPLICIT_RETAIN_SELF = YES;
				CLANG_WARN_OBJC_LITERAL_CONVERSION = YES;
				CLANG_WARN_OBJC_ROOT_CLASS = YES_ERROR;
				CLANG_WARN_QUOTED_INCLUDE_IN_FRAMEWORK_HEADER = YES;
				CLANG_WARN_RANGE_LOOP_ANALYSIS = YES;
				CLANG_WARN_STRICT_PROTOTYPES = YES;
				CLANG_WARN_SUSPICIOUS_MOVE = YES;
				CLANG_WARN_UNGUARDED_AVAILABILITY = YES_AGGRESSIVE;
				CLANG_WARN_UNREACHABLE_CODE = YES;
				CLANG_WARN__DUPLICATE_METHOD_MATCH = YES;
				COPY_PHASE_STRIP = NO;
				DEBUG_INFORMATION_FORMAT = dwarf;
				ENABLE_STRICT_OBJC_MSGSEND = YES;
				ENABLE_TESTABILITY = YES;
				GCC_C_LANGUAGE_STANDARD = gnu11;
				GCC_DYNAMIC_NO_PIC = NO;
				GCC_NO_COMMON_BLOCKS = YES;
				GCC_OPTIMIZATION_LEVEL = 0;
				GCC_PREPROCESSOR_DEFINITIONS = (
					"DEBUG=1",
					"$(inherited)",
				);
				GCC_WARN_64_TO_32_BIT_CONVERSION = YES;
				GCC_WARN_ABOUT_RETURN_TYPE = YES_ERROR;
				GCC_WARN_UNDECLARED_SELECTOR = YES;
				GCC_WARN_UNINITIALIZED_AUTOS = YES_AGGRESSIVE;
				GCC_WARN_UNUSED_FUNCTION = YES;
				GCC_WARN_UNUSED_VARIABLE = YES;
				IPHONEOS_DEPLOYMENT_TARGET = 15.0;
				MTL_ENABLE_DEBUG_INFO = INCLUDE_SOURCE;
				MTL_FAST_MATH = YES;
				ONLY_ACTIVE_ARCH = YES;
				SDKROOT = iphoneos;
				SWIFT_ACTIVE_COMPILATION_CONDITIONS = DEBUG;
				SWIFT_OPTIMIZATION_LEVEL = "-Onone";
			};
			name = Debug;
		};
		848881BC2964C983006BE6A1 /* Release */ = {
			isa = XCBuildConfiguration;
			buildSettings = {
				ALWAYS_SEARCH_USER_PATHS = NO;
				CLANG_ANALYZER_NONNULL = YES;
				CLANG_ANALYZER_NUMBER_OBJECT_CONVERSION = YES_AGGRESSIVE;
				CLANG_CXX_LANGUAGE_STANDARD = "gnu++20";
				CLANG_ENABLE_MODULES = YES;
				CLANG_ENABLE_OBJC_ARC = YES;
				CLANG_ENABLE_OBJC_WEAK = YES;
				CLANG_WARN_BLOCK_CAPTURE_AUTORELEASING = YES;
				CLANG_WARN_BOOL_CONVERSION = YES;
				CLANG_WARN_COMMA = YES;
				CLANG_WARN_CONSTANT_CONVERSION = YES;
				CLANG_WARN_DEPRECATED_OBJC_IMPLEMENTATIONS = YES;
				CLANG_WARN_DIRECT_OBJC_ISA_USAGE = YES_ERROR;
				CLANG_WARN_DOCUMENTATION_COMMENTS = YES;
				CLANG_WARN_EMPTY_BODY = YES;
				CLANG_WARN_ENUM_CONVERSION = YES;
				CLANG_WARN_INFINITE_RECURSION = YES;
				CLANG_WARN_INT_CONVERSION = YES;
				CLANG_WARN_NON_LITERAL_NULL_CONVERSION = YES;
				CLANG_WARN_OBJC_IMPLICIT_RETAIN_SELF = YES;
				CLANG_WARN_OBJC_LITERAL_CONVERSION = YES;
				CLANG_WARN_OBJC_ROOT_CLASS = YES_ERROR;
				CLANG_WARN_QUOTED_INCLUDE_IN_FRAMEWORK_HEADER = YES;
				CLANG_WARN_RANGE_LOOP_ANALYSIS = YES;
				CLANG_WARN_STRICT_PROTOTYPES = YES;
				CLANG_WARN_SUSPICIOUS_MOVE = YES;
				CLANG_WARN_UNGUARDED_AVAILABILITY = YES_AGGRESSIVE;
				CLANG_WARN_UNREACHABLE_CODE = YES;
				CLANG_WARN__DUPLICATE_METHOD_MATCH = YES;
				COPY_PHASE_STRIP = NO;
				DEBUG_INFORMATION_FORMAT = "dwarf-with-dsym";
				ENABLE_NS_ASSERTIONS = NO;
				ENABLE_STRICT_OBJC_MSGSEND = YES;
				GCC_C_LANGUAGE_STANDARD = gnu11;
				GCC_NO_COMMON_BLOCKS = YES;
				GCC_WARN_64_TO_32_BIT_CONVERSION = YES;
				GCC_WARN_ABOUT_RETURN_TYPE = YES_ERROR;
				GCC_WARN_UNDECLARED_SELECTOR = YES;
				GCC_WARN_UNINITIALIZED_AUTOS = YES_AGGRESSIVE;
				GCC_WARN_UNUSED_FUNCTION = YES;
				GCC_WARN_UNUSED_VARIABLE = YES;
				IPHONEOS_DEPLOYMENT_TARGET = 15.0;
				MTL_ENABLE_DEBUG_INFO = NO;
				MTL_FAST_MATH = YES;
				SDKROOT = iphoneos;
				SWIFT_COMPILATION_MODE = wholemodule;
				SWIFT_OPTIMIZATION_LEVEL = "-O";
				VALIDATE_PRODUCT = YES;
			};
			name = Release;
		};
		848881BE2964C983006BE6A1 /* Debug */ = {
			isa = XCBuildConfiguration;
			buildSettings = {
				ASSETCATALOG_COMPILER_APPICON_NAME = AppIcon;
				ASSETCATALOG_COMPILER_GLOBAL_ACCENT_COLOR_NAME = AccentColor;
				CODE_SIGN_STYLE = Automatic;
				CURRENT_PROJECT_VERSION = 1;
				DEVELOPMENT_TEAM = GBV3J46D65;
				GENERATE_INFOPLIST_FILE = YES;
				INFOPLIST_FILE = Juls/Info.plist;
				INFOPLIST_KEY_NSCameraUsageDescription = "Open CAM please";
				INFOPLIST_KEY_NSLocationAlwaysAndWhenInUseUsageDescription = "Open Location please";
				INFOPLIST_KEY_NSLocationAlwaysUsageDescription = "Open Location please";
				INFOPLIST_KEY_NSLocationUsageDescription = "Open Location please";
				INFOPLIST_KEY_UIApplicationSupportsIndirectInputEvents = YES;
				INFOPLIST_KEY_UILaunchStoryboardName = LaunchScreen.storyboard;
				INFOPLIST_KEY_UISupportedInterfaceOrientations = UIInterfaceOrientationPortrait;
				INFOPLIST_KEY_UISupportedInterfaceOrientations_iPad = "UIInterfaceOrientationLandscapeLeft UIInterfaceOrientationLandscapeRight UIInterfaceOrientationPortrait UIInterfaceOrientationPortraitUpsideDown";
				LD_RUNPATH_SEARCH_PATHS = (
					"$(inherited)",
					"@executable_path/Frameworks",
				);
				MARKETING_VERSION = 1.0;
				PRODUCT_BUNDLE_IDENTIFIER = ru.FanilJr.Juls;
				PRODUCT_NAME = "$(TARGET_NAME)";
				SUPPORTED_PLATFORMS = "iphoneos iphonesimulator";
				SUPPORTS_MACCATALYST = NO;
				SUPPORTS_MAC_DESIGNED_FOR_IPHONE_IPAD = NO;
				SWIFT_EMIT_LOC_STRINGS = YES;
				SWIFT_VERSION = 5.0;
				TARGETED_DEVICE_FAMILY = 1;
			};
			name = Debug;
		};
		848881BF2964C983006BE6A1 /* Release */ = {
			isa = XCBuildConfiguration;
			buildSettings = {
				ASSETCATALOG_COMPILER_APPICON_NAME = AppIcon;
				ASSETCATALOG_COMPILER_GLOBAL_ACCENT_COLOR_NAME = AccentColor;
				CODE_SIGN_STYLE = Automatic;
				CURRENT_PROJECT_VERSION = 1;
				DEVELOPMENT_TEAM = GBV3J46D65;
				GENERATE_INFOPLIST_FILE = YES;
				INFOPLIST_FILE = Juls/Info.plist;
				INFOPLIST_KEY_NSCameraUsageDescription = "Open CAM please";
				INFOPLIST_KEY_NSLocationAlwaysAndWhenInUseUsageDescription = "Open Location please";
				INFOPLIST_KEY_NSLocationAlwaysUsageDescription = "Open Location please";
				INFOPLIST_KEY_NSLocationUsageDescription = "Open Location please";
				INFOPLIST_KEY_UIApplicationSupportsIndirectInputEvents = YES;
				INFOPLIST_KEY_UILaunchStoryboardName = LaunchScreen.storyboard;
				INFOPLIST_KEY_UISupportedInterfaceOrientations = UIInterfaceOrientationPortrait;
				INFOPLIST_KEY_UISupportedInterfaceOrientations_iPad = "UIInterfaceOrientationLandscapeLeft UIInterfaceOrientationLandscapeRight UIInterfaceOrientationPortrait UIInterfaceOrientationPortraitUpsideDown";
				LD_RUNPATH_SEARCH_PATHS = (
					"$(inherited)",
					"@executable_path/Frameworks",
				);
				MARKETING_VERSION = 1.0;
				PRODUCT_BUNDLE_IDENTIFIER = ru.FanilJr.Juls;
				PRODUCT_NAME = "$(TARGET_NAME)";
				SUPPORTED_PLATFORMS = "iphoneos iphonesimulator";
				SUPPORTS_MACCATALYST = NO;
				SUPPORTS_MAC_DESIGNED_FOR_IPHONE_IPAD = NO;
				SWIFT_EMIT_LOC_STRINGS = YES;
				SWIFT_VERSION = 5.0;
				TARGETED_DEVICE_FAMILY = 1;
			};
			name = Release;
		};
/* End XCBuildConfiguration section */

/* Begin XCConfigurationList section */
		848881A42964C97D006BE6A1 /* Build configuration list for PBXProject "Juls" */ = {
			isa = XCConfigurationList;
			buildConfigurations = (
				848881BB2964C983006BE6A1 /* Debug */,
				848881BC2964C983006BE6A1 /* Release */,
			);
			defaultConfigurationIsVisible = 0;
			defaultConfigurationName = Release;
		};
		848881BD2964C983006BE6A1 /* Build configuration list for PBXNativeTarget "Juls" */ = {
			isa = XCConfigurationList;
			buildConfigurations = (
				848881BE2964C983006BE6A1 /* Debug */,
				848881BF2964C983006BE6A1 /* Release */,
			);
			defaultConfigurationIsVisible = 0;
			defaultConfigurationName = Release;
		};
/* End XCConfigurationList section */

/* Begin XCRemoteSwiftPackageReference section */
		84D0A3DC2994241200B2DE8F /* XCRemoteSwiftPackageReference "firebase-ios-sdk" */ = {
			isa = XCRemoteSwiftPackageReference;
			repositoryURL = "https://github.com/firebase/firebase-ios-sdk";
			requirement = {
				kind = exactVersion;
				version = 10.3.0;
			};
		};
/* End XCRemoteSwiftPackageReference section */

/* Begin XCSwiftPackageProductDependency section */
		84D0A3DD2994241200B2DE8F /* FirebaseAnalytics */ = {
			isa = XCSwiftPackageProductDependency;
			package = 84D0A3DC2994241200B2DE8F /* XCRemoteSwiftPackageReference "firebase-ios-sdk" */;
			productName = FirebaseAnalytics;
		};
		84D0A3DF2994241200B2DE8F /* FirebaseAuth */ = {
			isa = XCSwiftPackageProductDependency;
			package = 84D0A3DC2994241200B2DE8F /* XCRemoteSwiftPackageReference "firebase-ios-sdk" */;
			productName = FirebaseAuth;
		};
		84D0A3E12994241200B2DE8F /* FirebaseDatabase */ = {
			isa = XCSwiftPackageProductDependency;
			package = 84D0A3DC2994241200B2DE8F /* XCRemoteSwiftPackageReference "firebase-ios-sdk" */;
			productName = FirebaseDatabase;
		};
		84D0A3E32994241200B2DE8F /* FirebaseStorage */ = {
			isa = XCSwiftPackageProductDependency;
			package = 84D0A3DC2994241200B2DE8F /* XCRemoteSwiftPackageReference "firebase-ios-sdk" */;
			productName = FirebaseStorage;
		};
/* End XCSwiftPackageProductDependency section */
	};
	rootObject = 848881A12964C97D006BE6A1 /* Project object */;
}
